
Microsoft Visual Studio Solution File, Format Version 12.00
# Visual Studio 14
VisualStudioVersion = 14.0.25420.1
MinimumVisualStudioVersion = 10.0.40219.1
Project("{FAE04EC0-301F-11D3-BF4B-00C04F79EFBC}") = "Pizzeria", "Pizzeria\Pizzeria.csproj", "{91D553D8-5B9E-4102-BF8C-CB66673EF3CA}"
EndProject
Project("{FAE04EC0-301F-11D3-BF4B-00C04F79EFBC}") = "Pizzeria.Tests", "Pizzeria.Tests\Pizzeria.Tests.csproj", "{D358F05A-7D28-45F3-AAB4-D7D17926C93C}"
EndProject
Global
	GlobalSection(SolutionConfigurationPlatforms) = preSolution
		Debug|Any CPU = Debug|Any CPU
		Release|Any CPU = Release|Any CPU
	EndGlobalSection
	GlobalSection(ProjectConfigurationPlatforms) = postSolution
		{91D553D8-5B9E-4102-BF8C-CB66673EF3CA}.Debug|Any CPU.ActiveCfg = Debug|Any CPU
		{91D553D8-5B9E-4102-BF8C-CB66673EF3CA}.Debug|Any CPU.Build.0 = Debug|Any CPU
		{91D553D8-5B9E-4102-BF8C-CB66673EF3CA}.Release|Any CPU.ActiveCfg = Release|Any CPU
		{91D553D8-5B9E-4102-BF8C-CB66673EF3CA}.Release|Any CPU.Build.0 = Release|Any CPU
		{D358F05A-7D28-45F3-AAB4-D7D17926C93C}.Debug|Any CPU.ActiveCfg = Debug|Any CPU
		{D358F05A-7D28-45F3-AAB4-D7D17926C93C}.Debug|Any CPU.Build.0 = Debug|Any CPU
		{D358F05A-7D28-45F3-AAB4-D7D17926C93C}.Release|Any CPU.ActiveCfg = Release|Any CPU
		{D358F05A-7D28-45F3-AAB4-D7D17926C93C}.Release|Any CPU.Build.0 = Release|Any CPU
	EndGlobalSection
	GlobalSection(SolutionProperties) = preSolution
		HideSolutionNode = FALSE
	EndGlobalSection
EndGlobal
